# Pinned CS2 mod versions, read by scripts/pre.sh before each server start.
# Bump deliberately and test on a throwaway session first: a CS2 patch often
# breaks Metamod/CSSharp until they ship a rebuild — that's what
# `gameday up --mode vanilla` (CS2_MODS=0) is the safety valve for.
#
# Each *_SHA256 below is the sha256 of that exact pinned release asset —
# pre.sh verifies it before extracting. Recompute when bumping a version:
#   curl -fsSL <asset-url> | sha256sum
#
# Re-check latest compatible versions before bumping:
#   metamod            https://www.sourcemm.net/downloads.php?branch=dev
#   cssharp             https://github.com/roflmuffin/CounterStrikeSharp/releases
#   matchzy             https://github.com/shobhit-pathak/MatchZy/releases
#   multiaddonmanager  https://github.com/Source2ZE/MultiAddonManager/releases
#   cs2menumanager      https://github.com/schwarper/CS2MenuManager/releases
#   prophunt            https://github.com/exkludera-cssharp/PropHunt/releases
#
# Pinned 2026-09-16.

# Metamod dev builds are tagged "2.0.0.<N>" but the asset is named "...-git<N>-...";
# pre.sh assumes the 2.0.0 prefix stays stable and only this build number changes.
#
# PINNED BELOW THE ACTUAL LATEST ON PURPOSE: Metamod 1461+ bumped its SourceHook
# interface to 18, which CounterStrikeSharp v1.0.374 doesn't support yet
# ("Plugin uses old SourceHook Metamod build ... (17 < 18)", 0 plugins loaded —
# see https://github.com/roflmuffin/CounterStrikeSharp/issues/1415). Build 1411
# is community-confirmed working with CSSharp v1.0.374 + MatchZy 0.8.15. Don't
# bump past 1461 until CSSharp ships a rebuild against the newer interface.
METAMOD_BUILD=1411
METAMOD_SHA256=e3d4c3d457a1c86a5079e8bd8248a4a00361c7d0a3dce7c7e0c4c45458096649

COUNTERSTRIKESHARP=v1.0.374           # with-runtime build
COUNTERSTRIKESHARP_SHA256=22a24aa482e226ad0dcdc72cec03e1927d267eb5a1566094e98809a06dcc6792
MATCHZY=0.8.15
MATCHZY_SHA256=425955d7565df84915dd6002d0a7848546d3859d376cb493f2988ed182586b57

# --- Prop Hunt stack (optional, extra weight on top of the above) ---
# Each of these pins its own compatible Metamod ceiling — cross-checked against
# METAMOD_BUILD=1411 above before pinning:
#   multiaddonmanager v1.6 requires Metamod 1459+ (incompatible with us) — v1.5.4
#     explicitly says "Metamod 2.0-1411 or earlier is required!", exact match.
#   cs2menumanager needs a CSSharp with a .NET 10 runtime — confirmed v1.0.374's
#     with-runtime build actually bundles .NET 10.0.3 (its own README still says
#     ".NET 8", that text is just stale).
#   prophunt has had exactly one release ever (0.0.1, 2026-01-03) — least mature
#     link in this chain, expect to actually debug this one.
MULTIADDONMANAGER=v1.5.4              # steamrt3 build — Debian 12 base, not steamrt4 (newer-Linux-only)
MULTIADDONMANAGER_SHA256=d4bf33889b0fc04d051eb0c38423cb1df058c17842bce1675b6b995df09ec6ee
CS2MENUMANAGER=v1.0.43
CS2MENUMANAGER_SHA256=4298588c37955704a206fe185cfddf1d422075e33be3aca7627cce92391ad013
PROPHUNT=0.0.1
PROPHUNT_SHA256=d13c107832f2055c5c22977f5b309d76cb6aba5c75650d7913cebc00363522d8
